
Microsoft Visual Studio Solution File, Format Version 12.00
# Visual Studio Version 17
VisualStudioVersion = 17.1.32328.378
MinimumVisualStudioVersion = 10.0.40219.1
Project("{FAE04EC0-301F-11D3-BF4B-00C04F79EFBC}") = "Server_form", "Server_form\Server_form.csproj", "{CA0B1710-FAA2-471E-82E2-F16038224181}"
EndProject
Global
	GlobalSection(SolutionConfigurationPlatforms) = preSolution
		Debug|Any CPU = Debug|Any CPU
		Release|Any CPU = Release|Any CPU
	EndGlobalSection
	GlobalSection(ProjectConfigurationPlatforms) = postSolution
		{CA0B1710-FAA2-471E-82E2-F16038224181}.Debug|Any CPU.ActiveCfg = Debug|Any CPU
		{CA0B1710-FAA2-471E-82E2-F16038224181}.Debug|Any CPU.Build.0 = Debug|Any CPU
		{CA0B1710-FAA2-471E-82E2-F16038224181}.Release|Any CPU.ActiveCfg = Release|Any CPU
		{CA0B1710-FAA2-471E-82E2-F16038224181}.Release|Any CPU.Build.0 = Release|Any CPU
	EndGlobalSection
	GlobalSection(SolutionProperties) = preSolution
		HideSolutionNode = FALSE
	EndGlobalSection
	GlobalSection(ExtensibilityGlobals) = postSolution
		SolutionGuid = {6BDF4A2D-F28C-47E4-9740-621E21360967}
	EndGlobalSection
EndGlobal
